
Microsoft Visual Studio Solution File, Format Version 12.00
# Visual Studio Version 16
VisualStudioVersion = 16.0.32630.194
MinimumVisualStudioVersion = 10.0.40219.1
Project("{FAE04EC0-301F-11D3-BF4B-00C04F79EFBC}") = "Lection1_API", "Lection1_API\Lection1_API.csproj", "{422885D0-9C08-4511-B5A3-E489DBFC8DE0}"
EndProject
Global
	GlobalSection(SolutionConfigurationPlatforms) = preSolution
		Debug|Any CPU = Debug|Any CPU
		Release|Any CPU = Release|Any CPU
	EndGlobalSection
	GlobalSection(ProjectConfigurationPlatforms) = postSolution
		{422885D0-9C08-4511-B5A3-E489DBFC8DE0}.Debug|Any CPU.ActiveCfg = Debug|Any CPU
		{422885D0-9C08-4511-B5A3-E489DBFC8DE0}.Debug|Any CPU.Build.0 = Debug|Any CPU
		{422885D0-9C08-4511-B5A3-E489DBFC8DE0}.Release|Any CPU.ActiveCfg = Release|Any CPU
		{422885D0-9C08-4511-B5A3-E489DBFC8DE0}.Release|Any CPU.Build.0 = Release|Any CPU
	EndGlobalSection
	GlobalSection(SolutionProperties) = preSolution
		HideSolutionNode = FALSE
	EndGlobalSection
	GlobalSection(ExtensibilityGlobals) = postSolution
		SolutionGuid = {59659E00-FEF4-484C-8D7D-84DF465FDD9B}
	EndGlobalSection
EndGlobal
